
Microsoft Visual Studio Solution File, Format Version 12.00
# Visual Studio Version 16
VisualStudioVersion = 16.0.33529.622
MinimumVisualStudioVersion = 10.0.40219.1
Project("{9A19103F-16F7-4668-BE54-9A1E7A4F7556}") = "WpfCrossLightModel", "WpfApp1\WpfCrossLightModel.csproj", "{1247292F-1E82-4141-B43C-50CD5D090972}"
EndProject
Global
	GlobalSection(SolutionConfigurationPlatforms) = preSolution
		Debug|Any CPU = Debug|Any CPU
		Release|Any CPU = Release|Any CPU
	EndGlobalSection
	GlobalSection(ProjectConfigurationPlatforms) = postSolution
		{1247292F-1E82-4141-B43C-50CD5D090972}.Debug|Any CPU.ActiveCfg = Debug|Any CPU
		{1247292F-1E82-4141-B43C-50CD5D090972}.Debug|Any CPU.Build.0 = Debug|Any CPU
		{1247292F-1E82-4141-B43C-50CD5D090972}.Release|Any CPU.ActiveCfg = Release|Any CPU
		{1247292F-1E82-4141-B43C-50CD5D090972}.Release|Any CPU.Build.0 = Release|Any CPU
	EndGlobalSection
	GlobalSection(SolutionProperties) = preSolution
		HideSolutionNode = FALSE
	EndGlobalSection
	GlobalSection(ExtensibilityGlobals) = postSolution
		SolutionGuid = {7F85E623-B69D-4044-931F-DFE3B62385C0}
	EndGlobalSection
EndGlobal
